
Microsoft Visual Studio Solution File, Format Version 12.00
# Visual Studio Version 17
VisualStudioVersion = 17.14.36121.58 d17.14
MinimumVisualStudioVersion = 10.0.40219.1
Project("{FAE04EC0-301F-11D3-BF4B-00C04F79EFBC}") = "PlataformaVerbosIrregulares", "PlataformaVerbosIrregulares\PlataformaVerbosIrregulares.csproj", "{3D8DE106-B4FE-43CB-BEB6-DFC30A0DAA01}"
EndProject
Global
	GlobalSection(SolutionConfigurationPlatforms) = preSolution
		Debug|Any CPU = Debug|Any CPU
		Release|Any CPU = Release|Any CPU
	EndGlobalSection
	GlobalSection(ProjectConfigurationPlatforms) = postSolution
		{3D8DE106-B4FE-43CB-BEB6-DFC30A0DAA01}.Debug|Any CPU.ActiveCfg = Debug|Any CPU
		{3D8DE106-B4FE-43CB-BEB6-DFC30A0DAA01}.Debug|Any CPU.Build.0 = Debug|Any CPU
		{3D8DE106-B4FE-43CB-BEB6-DFC30A0DAA01}.Release|Any CPU.ActiveCfg = Release|Any CPU
		{3D8DE106-B4FE-43CB-BEB6-DFC30A0DAA01}.Release|Any CPU.Build.0 = Release|Any CPU
	EndGlobalSection
	GlobalSection(SolutionProperties) = preSolution
		HideSolutionNode = FALSE
	EndGlobalSection
	GlobalSection(ExtensibilityGlobals) = postSolution
		SolutionGuid = {600477B5-FF8A-487C-97D7-40F47E59833B}
	EndGlobalSection
EndGlobal
